
Microsoft Visual Studio Solution File, Format Version 12.00
# Visual Studio Version 17
VisualStudioVersion = 17.7.34202.233
MinimumVisualStudioVersion = 10.0.40219.1
Project("{FAE04EC0-301F-11D3-BF4B-00C04F79EFBC}") = "JbmfgPartsDB", "JbmfgPartsDB\JbmfgPartsDB.csproj", "{1F335A48-FCB0-41E1-BD01-6CA61C1A9B92}"
EndProject
Global
	GlobalSection(SolutionConfigurationPlatforms) = preSolution
		Debug|Any CPU = Debug|Any CPU
		Release|Any CPU = Release|Any CPU
	EndGlobalSection
	GlobalSection(ProjectConfigurationPlatforms) = postSolution
		{1F335A48-FCB0-41E1-BD01-6CA61C1A9B92}.Debug|Any CPU.ActiveCfg = Debug|Any CPU
		{1F335A48-FCB0-41E1-BD01-6CA61C1A9B92}.Debug|Any CPU.Build.0 = Debug|Any CPU
		{1F335A48-FCB0-41E1-BD01-6CA61C1A9B92}.Release|Any CPU.ActiveCfg = Release|Any CPU
		{1F335A48-FCB0-41E1-BD01-6CA61C1A9B92}.Release|Any CPU.Build.0 = Release|Any CPU
	EndGlobalSection
	GlobalSection(SolutionProperties) = preSolution
		HideSolutionNode = FALSE
	EndGlobalSection
	GlobalSection(ExtensibilityGlobals) = postSolution
		SolutionGuid = {24C6B830-417A-4C3F-B442-209C1AD21EDC}
	EndGlobalSection
EndGlobal
